
Microsoft Visual Studio Solution File, Format Version 12.00
# Visual Studio Version 16
VisualStudioVersion = 16.0.29009.5
MinimumVisualStudioVersion = 10.0.40219.1
Project("{2150E333-8FDC-42A3-9474-1A3956D46DE8}") = "Solution Items", "Solution Items", "{22E82EB6-7F6B-444A-B32F-7B9601A5C706}"
	ProjectSection(SolutionItems) = preProject
		Local.testsettings = Local.testsettings
		Mateus.vsmdi = Mateus.vsmdi
		TraceAndTestImpact.testsettings = TraceAndTestImpact.testsettings
	EndProjectSection
EndProject
Project("{FAE04EC0-301F-11D3-BF4B-00C04F79EFBC}") = "Mateus.Model", "Mateus.Model\Mateus.Model.csproj", "{DC372D15-797A-4F6F-B03F-E5CAC878F1E7}"
EndProject
Project("{FAE04EC0-301F-11D3-BF4B-00C04F79EFBC}") = "Mateus.UnitTests", "Mateus.UnitTests\Mateus.UnitTests.csproj", "{0C96C982-A82C-44FF-A1C9-FC26A31C36D9}"
EndProject
Project("{FAE04EC0-301F-11D3-BF4B-00C04F79EFBC}") = "PITFramework", "PITFramework\PITFramework.csproj", "{F2369610-EA18-4CFB-9A42-43B6E8E30C7F}"
EndProject
Project("{FAE04EC0-301F-11D3-BF4B-00C04F79EFBC}") = "Mateus.WebUI", "Mateus.WebUI\Mateus.WebUI.csproj", "{7C581B1F-772A-4986-BA74-1051EAED7E75}"
EndProject
Global
	GlobalSection(SolutionConfigurationPlatforms) = preSolution
		Debug|Any CPU = Debug|Any CPU
		Release|Any CPU = Release|Any CPU
	EndGlobalSection
	GlobalSection(ProjectConfigurationPlatforms) = postSolution
		{DC372D15-797A-4F6F-B03F-E5CAC878F1E7}.Debug|Any CPU.ActiveCfg = Debug|Any CPU
		{DC372D15-797A-4F6F-B03F-E5CAC878F1E7}.Debug|Any CPU.Build.0 = Debug|Any CPU
		{DC372D15-797A-4F6F-B03F-E5CAC878F1E7}.Release|Any CPU.ActiveCfg = Release|Any CPU
		{DC372D15-797A-4F6F-B03F-E5CAC878F1E7}.Release|Any CPU.Build.0 = Release|Any CPU
		{0C96C982-A82C-44FF-A1C9-FC26A31C36D9}.Debug|Any CPU.ActiveCfg = Debug|Any CPU
		{0C96C982-A82C-44FF-A1C9-FC26A31C36D9}.Debug|Any CPU.Build.0 = Debug|Any CPU
		{0C96C982-A82C-44FF-A1C9-FC26A31C36D9}.Release|Any CPU.ActiveCfg = Release|Any CPU
		{0C96C982-A82C-44FF-A1C9-FC26A31C36D9}.Release|Any CPU.Build.0 = Release|Any CPU
		{F2369610-EA18-4CFB-9A42-43B6E8E30C7F}.Debug|Any CPU.ActiveCfg = Debug|Any CPU
		{F2369610-EA18-4CFB-9A42-43B6E8E30C7F}.Debug|Any CPU.Build.0 = Debug|Any CPU
		{F2369610-EA18-4CFB-9A42-43B6E8E30C7F}.Release|Any CPU.ActiveCfg = Release|Any CPU
		{F2369610-EA18-4CFB-9A42-43B6E8E30C7F}.Release|Any CPU.Build.0 = Release|Any CPU
		{7C581B1F-772A-4986-BA74-1051EAED7E75}.Debug|Any CPU.ActiveCfg = Debug|Any CPU
		{7C581B1F-772A-4986-BA74-1051EAED7E75}.Debug|Any CPU.Build.0 = Debug|Any CPU
		{7C581B1F-772A-4986-BA74-1051EAED7E75}.Release|Any CPU.ActiveCfg = Release|Any CPU
		{7C581B1F-772A-4986-BA74-1051EAED7E75}.Release|Any CPU.Build.0 = Release|Any CPU
	EndGlobalSection
	GlobalSection(SolutionProperties) = preSolution
		HideSolutionNode = FALSE
	EndGlobalSection
	GlobalSection(ExtensibilityGlobals) = postSolution
		SolutionGuid = {FB35F529-5FC4-4523-81DA-B096451D94E7}
	EndGlobalSection
	GlobalSection(TestCaseManagementSettings) = postSolution
		CategoryFile = Mateus.vsmdi
	EndGlobalSection
EndGlobal
